
Microsoft Visual Studio Solution File, Format Version 12.00
# Visual Studio 15
VisualStudioVersion = 15.0.28010.2050
MinimumVisualStudioVersion = 10.0.40219.1
Project("{8BC9CEB8-8B4A-11D0-8D11-00A0C91BC942}") = "bai11", "bai11\bai11.vcxproj", "{0C20CDEC-3770-4124-ABC3-C32CE24B69CB}"
EndProject
Global
	GlobalSection(SolutionConfigurationPlatforms) = preSolution
		Debug|x64 = Debug|x64
		Debug|x86 = Debug|x86
		Release|x64 = Release|x64
		Release|x86 = Release|x86
	EndGlobalSection
	GlobalSection(ProjectConfigurationPlatforms) = postSolution
		{0C20CDEC-3770-4124-ABC3-C32CE24B69CB}.Debug|x64.ActiveCfg = Debug|x64
		{0C20CDEC-3770-4124-ABC3-C32CE24B69CB}.Debug|x64.Build.0 = Debug|x64
		{0C20CDEC-3770-4124-ABC3-C32CE24B69CB}.Debug|x86.ActiveCfg = Debug|Win32
		{0C20CDEC-3770-4124-ABC3-C32CE24B69CB}.Debug|x86.Build.0 = Debug|Win32
		{0C20CDEC-3770-4124-ABC3-C32CE24B69CB}.Release|x64.ActiveCfg = Release|x64
		{0C20CDEC-3770-4124-ABC3-C32CE24B69CB}.Release|x64.Build.0 = Release|x64
		{0C20CDEC-3770-4124-ABC3-C32CE24B69CB}.Release|x86.ActiveCfg = Release|Win32
		{0C20CDEC-3770-4124-ABC3-C32CE24B69CB}.Release|x86.Build.0 = Release|Win32
	EndGlobalSection
	GlobalSection(SolutionProperties) = preSolution
		HideSolutionNode = FALSE
	EndGlobalSection
	GlobalSection(ExtensibilityGlobals) = postSolution
		SolutionGuid = {B11E60DA-9014-44BB-A0E0-67938600564A}
	EndGlobalSection
EndGlobal
