
Microsoft Visual Studio Solution File, Format Version 12.00
# Visual Studio 15
VisualStudioVersion = 15.0.28307.168
MinimumVisualStudioVersion = 10.0.40219.1
Project("{8BC9CEB8-8B4A-11D0-8D11-00A0C91BC942}") = "ontap", "ontap\ontap.vcxproj", "{74DE5AB8-FB70-400A-AA28-5EEAFD46AEAA}"
EndProject
Global
	GlobalSection(SolutionConfigurationPlatforms) = preSolution
		Debug|x64 = Debug|x64
		Debug|x86 = Debug|x86
		Release|x64 = Release|x64
		Release|x86 = Release|x86
	EndGlobalSection
	GlobalSection(ProjectConfigurationPlatforms) = postSolution
		{74DE5AB8-FB70-400A-AA28-5EEAFD46AEAA}.Debug|x64.ActiveCfg = Debug|x64
		{74DE5AB8-FB70-400A-AA28-5EEAFD46AEAA}.Debug|x64.Build.0 = Debug|x64
		{74DE5AB8-FB70-400A-AA28-5EEAFD46AEAA}.Debug|x86.ActiveCfg = Debug|Win32
		{74DE5AB8-FB70-400A-AA28-5EEAFD46AEAA}.Debug|x86.Build.0 = Debug|Win32
		{74DE5AB8-FB70-400A-AA28-5EEAFD46AEAA}.Release|x64.ActiveCfg = Release|x64
		{74DE5AB8-FB70-400A-AA28-5EEAFD46AEAA}.Release|x64.Build.0 = Release|x64
		{74DE5AB8-FB70-400A-AA28-5EEAFD46AEAA}.Release|x86.ActiveCfg = Release|Win32
		{74DE5AB8-FB70-400A-AA28-5EEAFD46AEAA}.Release|x86.Build.0 = Release|Win32
	EndGlobalSection
	GlobalSection(SolutionProperties) = preSolution
		HideSolutionNode = FALSE
	EndGlobalSection
	GlobalSection(ExtensibilityGlobals) = postSolution
		SolutionGuid = {51B3461B-FD4C-474D-8CEC-7E8E91DE4C38}
	EndGlobalSection
EndGlobal
